
Microsoft Visual Studio Solution File, Format Version 12.00
# Visual Studio Version 17
VisualStudioVersion = 17.5.33516.290
MinimumVisualStudioVersion = 10.0.40219.1
Project("{54A90642-561A-4BB1-A94E-469ADEE60C69}") = "reactproject1", "reactproject1.esproj", "{6AF8471E-151F-43B5-A1AC-DDB0C008F731}"
EndProject
Global
	GlobalSection(SolutionConfigurationPlatforms) = preSolution
		Debug|Any CPU = Debug|Any CPU
		Release|Any CPU = Release|Any CPU
	EndGlobalSection
	GlobalSection(ProjectConfigurationPlatforms) = postSolution
		{6AF8471E-151F-43B5-A1AC-DDB0C008F731}.Debug|Any CPU.ActiveCfg = Debug|Any CPU
		{6AF8471E-151F-43B5-A1AC-DDB0C008F731}.Debug|Any CPU.Build.0 = Debug|Any CPU
		{6AF8471E-151F-43B5-A1AC-DDB0C008F731}.Debug|Any CPU.Deploy.0 = Debug|Any CPU
		{6AF8471E-151F-43B5-A1AC-DDB0C008F731}.Release|Any CPU.ActiveCfg = Release|Any CPU
		{6AF8471E-151F-43B5-A1AC-DDB0C008F731}.Release|Any CPU.Build.0 = Release|Any CPU
		{6AF8471E-151F-43B5-A1AC-DDB0C008F731}.Release|Any CPU.Deploy.0 = Release|Any CPU
	EndGlobalSection
	GlobalSection(SolutionProperties) = preSolution
		HideSolutionNode = FALSE
	EndGlobalSection
	GlobalSection(ExtensibilityGlobals) = postSolution
		SolutionGuid = {76F4EA08-2F95-4EC1-BC27-AC8651C1F9F4}
	EndGlobalSection
EndGlobal
